
Microsoft Visual Studio Solution File, Format Version 12.00
# Visual Studio Version 16
VisualStudioVersion = 16.0.30621.155
MinimumVisualStudioVersion = 10.0.40219.1
Project("{2150E333-8FDC-42A3-9474-1A3956D46DE8}") = "SolutionItems", "SolutionItems", "{F4E94B44-9126-4609-A291-BA5AD32C0A25}"
	ProjectSection(SolutionItems) = preProject
		README.md = README.md
	EndProjectSection
EndProject
Project("{FAE04EC0-301F-11D3-BF4B-00C04F79EFBC}") = "Gcd.Tests", "Gcd.Tests\Gcd.Tests.csproj", "{B04AC81F-964D-433B-8861-FD84830B3B22}"
EndProject
Project("{FAE04EC0-301F-11D3-BF4B-00C04F79EFBC}") = "Gcd.Version_4", "Gcd.Version_4\Gcd.Version_4.csproj", "{CC81DE74-B7D2-44D7-8DAC-9B14843C8399}"
EndProject
Global
	GlobalSection(SolutionConfigurationPlatforms) = preSolution
		Debug|Any CPU = Debug|Any CPU
		Release|Any CPU = Release|Any CPU
	EndGlobalSection
	GlobalSection(ProjectConfigurationPlatforms) = postSolution
		{B04AC81F-964D-433B-8861-FD84830B3B22}.Debug|Any CPU.ActiveCfg = Debug|Any CPU
		{B04AC81F-964D-433B-8861-FD84830B3B22}.Debug|Any CPU.Build.0 = Debug|Any CPU
		{B04AC81F-964D-433B-8861-FD84830B3B22}.Release|Any CPU.ActiveCfg = Release|Any CPU
		{B04AC81F-964D-433B-8861-FD84830B3B22}.Release|Any CPU.Build.0 = Release|Any CPU
		{CC81DE74-B7D2-44D7-8DAC-9B14843C8399}.Debug|Any CPU.ActiveCfg = Debug|Any CPU
		{CC81DE74-B7D2-44D7-8DAC-9B14843C8399}.Debug|Any CPU.Build.0 = Debug|Any CPU
		{CC81DE74-B7D2-44D7-8DAC-9B14843C8399}.Release|Any CPU.ActiveCfg = Release|Any CPU
		{CC81DE74-B7D2-44D7-8DAC-9B14843C8399}.Release|Any CPU.Build.0 = Release|Any CPU
	EndGlobalSection
	GlobalSection(SolutionProperties) = preSolution
		HideSolutionNode = FALSE
	EndGlobalSection
	GlobalSection(ExtensibilityGlobals) = postSolution
		SolutionGuid = {EB7EF767-D2E5-43D7-8A4A-77CAF0A25D06}
	EndGlobalSection
EndGlobal
